
Microsoft Visual Studio Solution File, Format Version 12.00
# Visual Studio Version 17
VisualStudioVersion = 17.9.34526.213
MinimumVisualStudioVersion = 10.0.40219.1
Project("{FAE04EC0-301F-11D3-BF4B-00C04F79EFBC}") = "Workaround", "Workaround\Workaround.csproj", "{83F50840-1015-452C-A333-0BC57161CD81}"
EndProject
Project("{FAE04EC0-301F-11D3-BF4B-00C04F79EFBC}") = "Entities", "Entities\Entities.csproj", "{A82ACE77-90B8-4282-9001-2195490DF5F4}"
EndProject
Project("{FAE04EC0-301F-11D3-BF4B-00C04F79EFBC}") = "Business", "Business\Business.csproj", "{FACDEFA1-146F-43FC-99F7-19D045B30059}"
EndProject
Global
	GlobalSection(SolutionConfigurationPlatforms) = preSolution
		Debug|Any CPU = Debug|Any CPU
		Release|Any CPU = Release|Any CPU
	EndGlobalSection
	GlobalSection(ProjectConfigurationPlatforms) = postSolution
		{83F50840-1015-452C-A333-0BC57161CD81}.Debug|Any CPU.ActiveCfg = Debug|Any CPU
		{83F50840-1015-452C-A333-0BC57161CD81}.Debug|Any CPU.Build.0 = Debug|Any CPU
		{83F50840-1015-452C-A333-0BC57161CD81}.Release|Any CPU.ActiveCfg = Release|Any CPU
		{83F50840-1015-452C-A333-0BC57161CD81}.Release|Any CPU.Build.0 = Release|Any CPU
		{A82ACE77-90B8-4282-9001-2195490DF5F4}.Debug|Any CPU.ActiveCfg = Debug|Any CPU
		{A82ACE77-90B8-4282-9001-2195490DF5F4}.Debug|Any CPU.Build.0 = Debug|Any CPU
		{A82ACE77-90B8-4282-9001-2195490DF5F4}.Release|Any CPU.ActiveCfg = Release|Any CPU
		{A82ACE77-90B8-4282-9001-2195490DF5F4}.Release|Any CPU.Build.0 = Release|Any CPU
		{FACDEFA1-146F-43FC-99F7-19D045B30059}.Debug|Any CPU.ActiveCfg = Debug|Any CPU
		{FACDEFA1-146F-43FC-99F7-19D045B30059}.Debug|Any CPU.Build.0 = Debug|Any CPU
		{FACDEFA1-146F-43FC-99F7-19D045B30059}.Release|Any CPU.ActiveCfg = Release|Any CPU
		{FACDEFA1-146F-43FC-99F7-19D045B30059}.Release|Any CPU.Build.0 = Release|Any CPU
	EndGlobalSection
	GlobalSection(SolutionProperties) = preSolution
		HideSolutionNode = FALSE
	EndGlobalSection
	GlobalSection(ExtensibilityGlobals) = postSolution
		SolutionGuid = {D0BD76F6-2ED6-4962-AF80-A81E4F6EC749}
	EndGlobalSection
EndGlobal
